
Microsoft Visual Studio Solution File, Format Version 12.00
# Visual Studio 2012
Project("{FAE04EC0-301F-11D3-BF4B-00C04F79EFBC}") = "DMV_Application", "DMV_Application\DMV_Application.csproj", "{5440C8CA-182B-480E-AE5D-D63D26638236}"
EndProject
Project("{FAE04EC0-301F-11D3-BF4B-00C04F79EFBC}") = "DMV_Application.Tests", "DMV_Application.Tests\DMV_Application.Tests.csproj", "{362BCE0D-0064-441F-9BD0-70FFF5DD3A98}"
EndProject
Global
	GlobalSection(SolutionConfigurationPlatforms) = preSolution
		Debug|Any CPU = Debug|Any CPU
		Release|Any CPU = Release|Any CPU
	EndGlobalSection
	GlobalSection(ProjectConfigurationPlatforms) = postSolution
		{5440C8CA-182B-480E-AE5D-D63D26638236}.Debug|Any CPU.ActiveCfg = Debug|Any CPU
		{5440C8CA-182B-480E-AE5D-D63D26638236}.Debug|Any CPU.Build.0 = Debug|Any CPU
		{5440C8CA-182B-480E-AE5D-D63D26638236}.Release|Any CPU.ActiveCfg = Release|Any CPU
		{5440C8CA-182B-480E-AE5D-D63D26638236}.Release|Any CPU.Build.0 = Release|Any CPU
		{362BCE0D-0064-441F-9BD0-70FFF5DD3A98}.Debug|Any CPU.ActiveCfg = Debug|Any CPU
		{362BCE0D-0064-441F-9BD0-70FFF5DD3A98}.Debug|Any CPU.Build.0 = Debug|Any CPU
		{362BCE0D-0064-441F-9BD0-70FFF5DD3A98}.Release|Any CPU.ActiveCfg = Release|Any CPU
		{362BCE0D-0064-441F-9BD0-70FFF5DD3A98}.Release|Any CPU.Build.0 = Release|Any CPU
	EndGlobalSection
EndGlobal
