
Microsoft Visual Studio Solution File, Format Version 12.00
# Visual Studio 15
VisualStudioVersion = 15.0.27004.2008
MinimumVisualStudioVersion = 10.0.40219.1
Project("{FAE04EC0-301F-11D3-BF4B-00C04F79EFBC}") = "DMV_Application", "DMV_Application\DMV_Application.csproj", "{2B7D2CE5-6DD2-41E8-90A2-005D9C1A1342}"
EndProject
Project("{FAE04EC0-301F-11D3-BF4B-00C04F79EFBC}") = "DMV_Application.Tests", "DMV_Application.Tests\DMV_Application.Tests.csproj", "{919C28AF-9C2D-4E05-9D60-619BED8A1093}"
EndProject
Global
	GlobalSection(SolutionConfigurationPlatforms) = preSolution
		Debug|Any CPU = Debug|Any CPU
		Release|Any CPU = Release|Any CPU
	EndGlobalSection
	GlobalSection(ProjectConfigurationPlatforms) = postSolution
		{2B7D2CE5-6DD2-41E8-90A2-005D9C1A1342}.Debug|Any CPU.ActiveCfg = Debug|Any CPU
		{2B7D2CE5-6DD2-41E8-90A2-005D9C1A1342}.Debug|Any CPU.Build.0 = Debug|Any CPU
		{2B7D2CE5-6DD2-41E8-90A2-005D9C1A1342}.Release|Any CPU.ActiveCfg = Release|Any CPU
		{2B7D2CE5-6DD2-41E8-90A2-005D9C1A1342}.Release|Any CPU.Build.0 = Release|Any CPU
		{919C28AF-9C2D-4E05-9D60-619BED8A1093}.Debug|Any CPU.ActiveCfg = Debug|Any CPU
		{919C28AF-9C2D-4E05-9D60-619BED8A1093}.Debug|Any CPU.Build.0 = Debug|Any CPU
		{919C28AF-9C2D-4E05-9D60-619BED8A1093}.Release|Any CPU.ActiveCfg = Release|Any CPU
		{919C28AF-9C2D-4E05-9D60-619BED8A1093}.Release|Any CPU.Build.0 = Release|Any CPU
	EndGlobalSection
	GlobalSection(SolutionProperties) = preSolution
		HideSolutionNode = FALSE
	EndGlobalSection
	GlobalSection(ExtensibilityGlobals) = postSolution
		SolutionGuid = {769C9E49-5B21-4AF5-914A-1A27AF17B186}
	EndGlobalSection
EndGlobal
