
Microsoft Visual Studio Solution File, Format Version 12.00
# Visual Studio 2012
Project("{FAE04EC0-301F-11D3-BF4B-00C04F79EFBC}") = "Java_app", "Java_app\Java_app.csproj", "{743C1D92-AB8A-40F1-BD74-53F09995841C}"
EndProject
Global
	GlobalSection(SolutionConfigurationPlatforms) = preSolution
		Debug|x86 = Debug|x86
		Release|x86 = Release|x86
	EndGlobalSection
	GlobalSection(ProjectConfigurationPlatforms) = postSolution
		{743C1D92-AB8A-40F1-BD74-53F09995841C}.Debug|x86.ActiveCfg = Debug|x86
		{743C1D92-AB8A-40F1-BD74-53F09995841C}.Debug|x86.Build.0 = Debug|x86
		{743C1D92-AB8A-40F1-BD74-53F09995841C}.Release|x86.ActiveCfg = Release|x86
		{743C1D92-AB8A-40F1-BD74-53F09995841C}.Release|x86.Build.0 = Release|x86
	EndGlobalSection
EndGlobal
